
Microsoft Visual Studio Solution File, Format Version 12.00
# Visual Studio Version 17
VisualStudioVersion = 17.12.35728.132 d17.12
MinimumVisualStudioVersion = 10.0.40219.1
Project("{FAE04EC0-301F-11D3-BF4B-00C04F79EFBC}") = "Dictionary&HashTable", "Dictionary&HashTable\Dictionary&HashTable.csproj", "{AB8B7BA3-A05C-440F-91F2-33455D3EC452}"
EndProject
Global
	GlobalSection(SolutionConfigurationPlatforms) = preSolution
		Debug|Any CPU = Debug|Any CPU
		Release|Any CPU = Release|Any CPU
	EndGlobalSection
	GlobalSection(ProjectConfigurationPlatforms) = postSolution
		{AB8B7BA3-A05C-440F-91F2-33455D3EC452}.Debug|Any CPU.ActiveCfg = Debug|Any CPU
		{AB8B7BA3-A05C-440F-91F2-33455D3EC452}.Debug|Any CPU.Build.0 = Debug|Any CPU
		{AB8B7BA3-A05C-440F-91F2-33455D3EC452}.Release|Any CPU.ActiveCfg = Release|Any CPU
		{AB8B7BA3-A05C-440F-91F2-33455D3EC452}.Release|Any CPU.Build.0 = Release|Any CPU
	EndGlobalSection
	GlobalSection(SolutionProperties) = preSolution
		HideSolutionNode = FALSE
	EndGlobalSection
EndGlobal
